<?xml version="1.0" encoding="utf-8"?>
<Project ToolsVersion="4.0" xmlns="http://schemas.microsoft.com/developer/msbuild/2003">
  <ItemGroup>
    <Filter Include="Source Files">
      <UniqueIdentifier>{4FC737F1-C7A5-4376-A066-2A32D752A2FF}</UniqueIdentifier>
      <Extensions>qml;cpp;c;cc;cxx;def;odl;idl;hpj;bat;asm;asmx</Extensions>
    </Filter>
    <Filter Include="Header Files">
      <UniqueIdentifier>{93995380-89BD-4b04-88EB-625FBE52EBFB}</UniqueIdentifier>
      <Extensions>h;hh;hpp;hxx;hm;inl;inc;xsd</Extensions>
    </Filter>
    <Filter Include="Resource Files">
      <UniqueIdentifier>{67DA6AB6-F800-4c08-8B7A-83BB121AAD01}</UniqueIdentifier>
      <Extensions>qrc;rc;ico;cur;bmp;dlg;rc2;rct;bin;rgs;gif;jpg;jpeg;jpe;resx;tiff;tif;png;wav;mfcribbon-ms</Extensions>
    </Filter>
    <Filter Include="Form Files">
      <UniqueIdentifier>{99349809-55BA-4b9d-BF79-8FDBB0286EB3}</UniqueIdentifier>
      <Extensions>ui</Extensions>
    </Filter>
    <Filter Include="Translation Files">
      <UniqueIdentifier>{639EADAA-A684-42e4-A9AD-28FC9BCB8F7C}</UniqueIdentifier>
      <Extensions>ts</Extensions>
    </Filter>
  </ItemGroup>
  <ItemGroup>
    <QtRcc Include="UMeasure.qrc">
      <Filter>Resource Files</Filter>
    </QtRcc>
    <QtUic Include="UMeasure.ui">
      <Filter>Form Files</Filter>
    </QtUic>
    <QtMoc Include="UMeasure.h">
      <Filter>Header Files</Filter>
    </QtMoc>
    <ClCompile Include="UMeasure.cpp">
      <Filter>Source Files</Filter>
    </ClCompile>
  </ItemGroup>
  <ItemGroup>
    <ClCompile Include="main.cpp">
      <Filter>Source Files</Filter>
    </ClCompile>
    <ClCompile Include="RuntimeContext.cpp">
      <Filter>Source Files</Filter>
    </ClCompile>
    <ClCompile Include="ContextObject.cpp">
      <Filter>Source Files</Filter>
    </ClCompile>
    <ClCompile Include="CommandBase.cpp">
      <Filter>Source Files</Filter>
    </ClCompile>
    <ClCompile Include="CommandInterpreter.cpp">
      <Filter>Source Files</Filter>
    </ClCompile>
    <ClCompile Include="Parser.cpp">
      <Filter>Source Files</Filter>
    </ClCompile>
    <ClCompile Include="Serializer.cpp">
      <Filter>Source Files</Filter>
    </ClCompile>
    <ClCompile Include="MoveCommand.cpp">
      <Filter>Source Files</Filter>
    </ClCompile>
    <ClCompile Include="MeasureMachine.cpp">
      <Filter>Source Files</Filter>
    </ClCompile>
    <ClCompile Include="PointCommand.cpp">
      <Filter>Source Files</Filter>
    </ClCompile>
    <ClCompile Include="Formats.cpp">
      <Filter>Source Files</Filter>
    </ClCompile>
    <ClCompile Include="BoundCommand.cpp">
      <Filter>Source Files</Filter>
    </ClCompile>
    <ClCompile Include="PlaneCommand.cpp">
      <Filter>Source Files</Filter>
    </ClCompile>
    <ClCompile Include="AddMoveCommand.cpp">
      <Filter>Source Files</Filter>
    </ClCompile>
    <ClCompile Include="DefaultCallbacks.cpp">
      <Filter>Source Files</Filter>
    </ClCompile>
    <ClCompile Include="AddCommandBase.cpp">
      <Filter>Source Files</Filter>
    </ClCompile>
    <ClCompile Include="AddPointCommand.cpp">
      <Filter>Source Files</Filter>
    </ClCompile>
  </ItemGroup>
  <ItemGroup>
    <ClInclude Include="CommandInterpreter.h">
      <Filter>Header Files</Filter>
    </ClInclude>
    <ClInclude Include="BoundCommand.h">
      <Filter>Header Files</Filter>
    </ClInclude>
    <ClInclude Include="CommandExecutionResult.h">
      <Filter>Header Files</Filter>
    </ClInclude>
    <ClInclude Include="RuntimeContext.h">
      <Filter>Header Files</Filter>
    </ClInclude>
    <ClInclude Include="ContextObject.h">
      <Filter>Header Files</Filter>
    </ClInclude>
    <ClInclude Include="CommandBase.h">
      <Filter>Header Files</Filter>
    </ClInclude>
    <ClInclude Include="Callbacks.h">
      <Filter>Header Files</Filter>
    </ClInclude>
    <ClInclude Include="Parser.h">
      <Filter>Header Files</Filter>
    </ClInclude>
    <ClInclude Include="Serializer.h">
      <Filter>Header Files</Filter>
    </ClInclude>
    <ClInclude Include="MoveCommand.h">
      <Filter>Header Files</Filter>
    </ClInclude>
    <ClInclude Include="MeasureMachine.h">
      <Filter>Header Files</Filter>
    </ClInclude>
    <ClInclude Include="PointCommand.h">
      <Filter>Header Files</Filter>
    </ClInclude>
    <ClInclude Include="Formats.h">
      <Filter>Header Files</Filter>
    </ClInclude>
    <ClInclude Include="VoodoMagic.h">
      <Filter>Header Files</Filter>
    </ClInclude>
    <ClInclude Include="PlaneCommand.h">
      <Filter>Header Files</Filter>
    </ClInclude>
    <ClInclude Include="GeometryData.h">
      <Filter>Header Files</Filter>
    </ClInclude>
    <ClInclude Include="DefaultCallbacks.h">
      <Filter>Header Files</Filter>
    </ClInclude>
    <ClInclude Include="AddCommandBase.h">
      <Filter>Header Files</Filter>
    </ClInclude>
  </ItemGroup>
  <ItemGroup>
    <QtMoc Include="AddMoveCommand.h">
      <Filter>Header Files</Filter>
    </QtMoc>
    <QtMoc Include="AddPointCommand.h">
      <Filter>Header Files</Filter>
    </QtMoc>
  </ItemGroup>
  <ItemGroup>
    <QtUic Include="AddMoveCommand.ui">
      <Filter>Form Files</Filter>
    </QtUic>
    <QtUic Include="AddPointCommand.ui">
      <Filter>Form Files</Filter>
    </QtUic>
  </ItemGroup>
</Project>