
Microsoft Visual Studio Solution File, Format Version 12.00
# Visual Studio Version 17
VisualStudioVersion = 17.7.34221.43
MinimumVisualStudioVersion = 10.0.40219.1
Project("{8BC9CEB8-8B4A-11D0-8D11-00A0C91BC942}") = "Measurement_TestTask", "Measurement_TestTask\Measurement_TestTask.vcxproj", "{50C2F0C3-1FDE-46CC-B27D-C36841913941}"
EndProject
Global
	GlobalSection(SolutionConfigurationPlatforms) = preSolution
		Debug|x64 = Debug|x64
		Release|x64 = Release|x64
	EndGlobalSection
	GlobalSection(ProjectConfigurationPlatforms) = postSolution
		{50C2F0C3-1FDE-46CC-B27D-C36841913941}.Debug|x64.ActiveCfg = Debug|x64
		{50C2F0C3-1FDE-46CC-B27D-C36841913941}.Debug|x64.Build.0 = Debug|x64
		{50C2F0C3-1FDE-46CC-B27D-C36841913941}.Release|x64.ActiveCfg = Release|x64
		{50C2F0C3-1FDE-46CC-B27D-C36841913941}.Release|x64.Build.0 = Release|x64
	EndGlobalSection
	GlobalSection(SolutionProperties) = preSolution
		HideSolutionNode = FALSE
	EndGlobalSection
	GlobalSection(ExtensibilityGlobals) = postSolution
		SolutionGuid = {1D4D6937-B39F-4B4A-8144-DC29900D211F}
	EndGlobalSection
EndGlobal
